{
  "object": {
    "pins": [
      {
        "package": "RequestKit",
        "repositoryURL": "https://github.com/nerdishbynature/RequestKit.git",
        "state": {
          "branch": null,
          "revision": "e4d905fed938807e36d87f28375f88b7c1c26840",
          "version": "3.3.0"
        }
      }
    ]
  },
  "version": 1
}
